// !$*UTF8*$!
{
	archiveVersion = 1;
	classes = {
	};
	objectVersion = 50;
	objects = {

/* Begin PBXBuildFile section */
		B22FDBB2245456E900E407A5 /* AppDelegate.swift in Sources */ = {isa = PBXBuildFile; fileRef = B22FDBB1245456E900E407A5 /* AppDelegate.swift */; };
		B22FDBB4245456E900E407A5 /* SceneDelegate.swift in Sources */ = {isa = PBXBuildFile; fileRef = B22FDBB3245456E900E407A5 /* SceneDelegate.swift */; };
		B22FDBB6245456E900E407A5 /* ContentView.swift in Sources */ = {isa = PBXBuildFile; fileRef = B22FDBB5245456E900E407A5 /* ContentView.swift */; };
		B22FDBB8245456EB00E407A5 /* Assets.xcassets in Resources */ = {isa = PBXBuildFile; fileRef = B22FDBB7245456EB00E407A5 /* Assets.xcassets */; };
		B22FDBBB245456EB00E407A5 /* Preview Assets.xcassets in Resources */ = {isa = PBXBuildFile; fileRef = B22FDBBA245456EB00E407A5 /* Preview Assets.xcassets */; };
		B22FDBBE245456EB00E407A5 /* LaunchScreen.storyboard in Resources */ = {isa = PBXBuildFile; fileRef = B22FDBBC245456EB00E407A5 /* LaunchScreen.storyboard */; };
		B22FDBC9245456EB00E407A5 /* SocialNetworkAppTests.swift in Sources */ = {isa = PBXBuildFile; fileRef = B22FDBC8245456EB00E407A5 /* SocialNetworkAppTests.swift */; };
		B22FDBD4245456EB00E407A5 /* SocialNetworkAppUITests.swift in Sources */ = {isa = PBXBuildFile; fileRef = B22FDBD3245456EB00E407A5 /* SocialNetworkAppUITests.swift */; };
/* End PBXBuildFile section */

/* Begin PBXContainerItemProxy section */
		B22FDBC5245456EB00E407A5 /* PBXContainerItemProxy */ = {
			isa = PBXContainerItemProxy;
			containerPortal = B22FDBA6245456E900E407A5 /* Project object */;
			proxyType = 1;
			remoteGlobalIDString = B22FDBAD245456E900E407A5;
			remoteInfo = SocialNetworkApp;
		};
		B22FDBD0245456EB00E407A5 /* PBXContainerItemProxy */ = {
			isa = PBXContainerItemProxy;
			containerPortal = B22FDBA6245456E900E407A5 /* Project object */;
			proxyType = 1;
			remoteGlobalIDString = B22FDBAD245456E900E407A5;
			remoteInfo = SocialNetworkApp;
		};
/* End PBXContainerItemProxy section */

/* Begin PBXFileReference section */
		B22FDBAE245456E900E407A5 /* SocialNetworkApp.app */ = {isa = PBXFileReference; explicitFileType = wrapper.application; includeInIndex = 0; path = SocialNetworkApp.app; sourceTree = BUILT_PRODUCTS_DIR; };
		B22FDBB1245456E900E407A5 /* AppDelegate.swift */ = {isa = PBXFileReference; lastKnownFileType = sourcecode.swift; path = AppDelegate.swift; sourceTree = "<group>"; };
		B22FDBB3245456E900E407A5 /* SceneDelegate.swift */ = {isa = PBXFileReference; lastKnownFileType = sourcecode.swift; path = SceneDelegate.swift; sourceTree = "<group>"; };
		B22FDBB5245456E900E407A5 /* ContentView.swift */ = {isa = PBXFileReference; lastKnownFileType = sourcecode.swift; path = ContentView.swift; sourceTree = "<group>"; };
		B22FDBB7245456EB00E407A5 /* Assets.xcassets */ = {isa = PBXFileReference; lastKnownFileType = folder.assetcatalog; path = Assets.xcassets; sourceTree = "<group>"; };
		B22FDBBA245456EB00E407A5 /* Preview Assets.xcassets */ = {isa = PBXFileReference; lastKnownFileType = folder.assetcatalog; path = "Preview Assets.xcassets"; sourceTree = "<group>"; };
		B22FDBBD245456EB00E407A5 /* Base */ = {isa = PBXFileReference; lastKnownFileType = file.storyboard; name = Base; path = Base.lproj/LaunchScreen.storyboard; sourceTree = "<group>"; };
		B22FDBBF245456EB00E407A5 /* Info.plist */ = {isa = PBXFileReference; lastKnownFileType = text.plist.xml; path = Info.plist; sourceTree = "<group>"; };
		B22FDBC4245456EB00E407A5 /* SocialNetworkAppTests.xctest */ = {isa = PBXFileReference; explicitFileType = wrapper.cfbundle; includeInIndex = 0; path = SocialNetworkAppTests.xctest; sourceTree = BUILT_PRODUCTS_DIR; };
		B22FDBC8245456EB00E407A5 /* SocialNetworkAppTests.swift */ = {isa = PBXFileReference; lastKnownFileType = sourcecode.swift; path = SocialNetworkAppTests.swift; sourceTree = "<group>"; };
		B22FDBCA245456EB00E407A5 /* Info.plist */ = {isa = PBXFileReference; lastKnownFileType = text.plist.xml; path = Info.plist; sourceTree = "<group>"; };
		B22FDBCF245456EB00E407A5 /* SocialNetworkAppUITests.xctest */ = {isa = PBXFileReference; explicitFileType = wrapper.cfbundle; includeInIndex = 0; path = SocialNetworkAppUITests.xctest; sourceTree = BUILT_PRODUCTS_DIR; };
		B22FDBD3245456EB00E407A5 /* SocialNetworkAppUITests.swift */ = {isa = PBXFileReference; lastKnownFileType = sourcecode.swift; path = SocialNetworkAppUITests.swift; sourceTree = "<group>"; };
		B22FDBD5245456EB00E407A5 /* Info.plist */ = {isa = PBXFileReference; lastKnownFileType = text.plist.xml; path = Info.plist; sourceTree = "<group>"; };
/* End PBXFileReference section */

/* Begin PBXFrameworksBuildPhase section */
		B22FDBAB245456E900E407A5 /* Frameworks */ = {
			isa = PBXFrameworksBuildPhase;
			buildActionMask = 2147483647;
			files = (
			);
			runOnlyForDeploymentPostprocessing = 0;
		};
		B22FDBC1245456EB00E407A5 /* Frameworks */ = {
			isa = PBXFrameworksBuildPhase;
			buildActionMask = 2147483647;
			files = (
			);
			runOnlyForDeploymentPostprocessing = 0;
		};
		B22FDBCC245456EB00E407A5 /* Frameworks */ = {
			isa = PBXFrameworksBuildPhase;
			buildActionMask = 2147483647;
			files = (
			);
			runOnlyForDeploymentPostprocessing = 0;
		};
/* End PBXFrameworksBuildPhase section */

/* Begin PBXGroup section */
		B22FDBA5245456E900E407A5 = {
			isa = PBXGroup;
			children = (
				B22FDBB0245456E900E407A5 /* SocialNetworkApp */,
				B22FDBC7245456EB00E407A5 /* SocialNetworkAppTests */,
				B22FDBD2245456EB00E407A5 /* SocialNetworkAppUITests */,
				B22FDBAF245456E900E407A5 /* Products */,
			);
			sourceTree = "<group>";
		};
		B22FDBAF245456E900E407A5 /* Products */ = {
			isa = PBXGroup;
			children = (
				B22FDBAE245456E900E407A5 /* SocialNetworkApp.app */,
				B22FDBC4245456EB00E407A5 /* SocialNetworkAppTests.xctest */,
				B22FDBCF245456EB00E407A5 /* SocialNetworkAppUITests.xctest */,
			);
			name = Products;
			sourceTree = "<group>";
		};
		B22FDBB0245456E900E407A5 /* SocialNetworkApp */ = {
			isa = PBXGroup;
			children = (
				B22FDBB1245456E900E407A5 /* AppDelegate.swift */,
				B22FDBB3245456E900E407A5 /* SceneDelegate.swift */,
				B22FDBB5245456E900E407A5 /* ContentView.swift */,
				B22FDBB7245456EB00E407A5 /* Assets.xcassets */,
				B22FDBBC245456EB00E407A5 /* LaunchScreen.storyboard */,
				B22FDBBF245456EB00E407A5 /* Info.plist */,
				B22FDBB9245456EB00E407A5 /* Preview Content */,
			);
			path = SocialNetworkApp;
			sourceTree = "<group>";
		};
		B22FDBB9245456EB00E407A5 /* Preview Content */ = {
			isa = PBXGroup;
			children = (
				B22FDBBA245456EB00E407A5 /* Preview Assets.xcassets */,
			);
			path = "Preview Content";
			sourceTree = "<group>";
		};
		B22FDBC7245456EB00E407A5 /* SocialNetworkAppTests */ = {
			isa = PBXGroup;
			children = (
				B22FDBC8245456EB00E407A5 /* SocialNetworkAppTests.swift */,
				B22FDBCA245456EB00E407A5 /* Info.plist */,
			);
			path = SocialNetworkAppTests;
			sourceTree = "<group>";
		};
		B22FDBD2245456EB00E407A5 /* SocialNetworkAppUITests */ = {
			isa = PBXGroup;
			children = (
				B22FDBD3245456EB00E407A5 /* SocialNetworkAppUITests.swift */,
				B22FDBD5245456EB00E407A5 /* Info.plist */,
			);
			path = SocialNetworkAppUITests;
			sourceTree = "<group>";
		};
/* End PBXGroup section */

/* Begin PBXNativeTarget section */
		B22FDBAD245456E900E407A5 /* SocialNetworkApp */ = {
			isa = PBXNativeTarget;
			buildConfigurationList = B22FDBD8245456EB00E407A5 /* Build configuration list for PBXNativeTarget "SocialNetworkApp" */;
			buildPhases = (
				B22FDBAA245456E900E407A5 /* Sources */,
				B22FDBAB245456E900E407A5 /* Frameworks */,
				B22FDBAC245456E900E407A5 /* Resources */,
			);
			buildRules = (
			);
			dependencies = (
			);
			name = SocialNetworkApp;
			productName = SocialNetworkApp;
			productReference = B22FDBAE245456E900E407A5 /* SocialNetworkApp.app */;
			productType = "com.apple.product-type.application";
		};
		B22FDBC3245456EB00E407A5 /* SocialNetworkAppTests */ = {
			isa = PBXNativeTarget;
			buildConfigurationList = B22FDBDB245456EB00E407A5 /* Build configuration list for PBXNativeTarget "SocialNetworkAppTests" */;
			buildPhases = (
				B22FDBC0245456EB00E407A5 /* Sources */,
				B22FDBC1245456EB00E407A5 /* Frameworks */,
				B22FDBC2245456EB00E407A5 /* Resources */,
			);
			buildRules = (
			);
			dependencies = (
				B22FDBC6245456EB00E407A5 /* PBXTargetDependency */,
			);
			name = SocialNetworkAppTests;
			productName = SocialNetworkAppTests;
			productReference = B22FDBC4245456EB00E407A5 /* SocialNetworkAppTests.xctest */;
			productType = "com.apple.product-type.bundle.unit-test";
		};
		B22FDBCE245456EB00E407A5 /* SocialNetworkAppUITests */ = {
			isa = PBXNativeTarget;
			buildConfigurationList = B22FDBDE245456EB00E407A5 /* Build configuration list for PBXNativeTarget "SocialNetworkAppUITests" */;
			buildPhases = (
				B22FDBCB245456EB00E407A5 /* Sources */,
				B22FDBCC245456EB00E407A5 /* Frameworks */,
				B22FDBCD245456EB00E407A5 /* Resources */,
			);
			buildRules = (
			);
			dependencies = (
				B22FDBD1245456EB00E407A5 /* PBXTargetDependency */,
			);
			name = SocialNetworkAppUITests;
			productName = SocialNetworkAppUITests;
			productReference = B22FDBCF245456EB00E407A5 /* SocialNetworkAppUITests.xctest */;
			productType = "com.apple.product-type.bundle.ui-testing";
		};
/* End PBXNativeTarget section */

/* Begin PBXProject section */
		B22FDBA6245456E900E407A5 /* Project object */ = {
			isa = PBXProject;
			attributes = {
				LastSwiftUpdateCheck = 1140;
				LastUpgradeCheck = 1140;
				ORGANIZATIONNAME = "Omri Shapira";
				TargetAttributes = {
					B22FDBAD245456E900E407A5 = {
						CreatedOnToolsVersion = 11.4.1;
					};
					B22FDBC3245456EB00E407A5 = {
						CreatedOnToolsVersion = 11.4.1;
						TestTargetID = B22FDBAD245456E900E407A5;
					};
					B22FDBCE245456EB00E407A5 = {
						CreatedOnToolsVersion = 11.4.1;
						TestTargetID = B22FDBAD245456E900E407A5;
					};
				};
			};
			buildConfigurationList = B22FDBA9245456E900E407A5 /* Build configuration list for PBXProject "SocialNetworkApp" */;
			compatibilityVersion = "Xcode 9.3";
			developmentRegion = en;
			hasScannedForEncodings = 0;
			knownRegions = (
				en,
				Base,
			);
			mainGroup = B22FDBA5245456E900E407A5;
			productRefGroup = B22FDBAF245456E900E407A5 /* Products */;
			projectDirPath = "";
			projectRoot = "";
			targets = (
				B22FDBAD245456E900E407A5 /* SocialNetworkApp */,
				B22FDBC3245456EB00E407A5 /* SocialNetworkAppTests */,
				B22FDBCE245456EB00E407A5 /* SocialNetworkAppUITests */,
			);
		};
/* End PBXProject section */

/* Begin PBXResourcesBuildPhase section */
		B22FDBAC245456E900E407A5 /* Resources */ = {
			isa = PBXResourcesBuildPhase;
			buildActionMask = 2147483647;
			files = (
				B22FDBBE245456EB00E407A5 /* LaunchScreen.storyboard in Resources */,
				B22FDBBB245456EB00E407A5 /* Preview Assets.xcassets in Resources */,
				B22FDBB8245456EB00E407A5 /* Assets.xcassets in Resources */,
			);
			runOnlyForDeploymentPostprocessing = 0;
		};
		B22FDBC2245456EB00E407A5 /* Resources */ = {
			isa = PBXResourcesBuildPhase;
			buildActionMask = 2147483647;
			files = (
			);
			runOnlyForDeploymentPostprocessing = 0;
		};
		B22FDBCD245456EB00E407A5 /* Resources */ = {
			isa = PBXResourcesBuildPhase;
			buildActionMask = 2147483647;
			files = (
			);
			runOnlyForDeploymentPostprocessing = 0;
		};
/* End PBXResourcesBuildPhase section */

/* Begin PBXSourcesBuildPhase section */
		B22FDBAA245456E900E407A5 /* Sources */ = {
			isa = PBXSourcesBuildPhase;
			buildActionMask = 2147483647;
			files = (
				B22FDBB2245456E900E407A5 /* AppDelegate.swift in Sources */,
				B22FDBB4245456E900E407A5 /* SceneDelegate.swift in Sources */,
				B22FDBB6245456E900E407A5 /* ContentView.swift in Sources */,
			);
			runOnlyForDeploymentPostprocessing = 0;
		};
		B22FDBC0245456EB00E407A5 /* Sources */ = {
			isa = PBXSourcesBuildPhase;
			buildActionMask = 2147483647;
			files = (
				B22FDBC9245456EB00E407A5 /* SocialNetworkAppTests.swift in Sources */,
			);
			runOnlyForDeploymentPostprocessing = 0;
		};
		B22FDBCB245456EB00E407A5 /* Sources */ = {
			isa = PBXSourcesBuildPhase;
			buildActionMask = 2147483647;
			files = (
				B22FDBD4245456EB00E407A5 /* SocialNetworkAppUITests.swift in Sources */,
			);
			runOnlyForDeploymentPostprocessing = 0;
		};
/* End PBXSourcesBuildPhase section */

/* Begin PBXTargetDependency section */
		B22FDBC6245456EB00E407A5 /* PBXTargetDependency */ = {
			isa = PBXTargetDependency;
			target = B22FDBAD245456E900E407A5 /* SocialNetworkApp */;
			targetProxy = B22FDBC5245456EB00E407A5 /* PBXContainerItemProxy */;
		};
		B22FDBD1245456EB00E407A5 /* PBXTargetDependency */ = {
			isa = PBXTargetDependency;
			target = B22FDBAD245456E900E407A5 /* SocialNetworkApp */;
			targetProxy = B22FDBD0245456EB00E407A5 /* PBXContainerItemProxy */;
		};
/* End PBXTargetDependency section */

/* Begin PBXVariantGroup section */
		B22FDBBC245456EB00E407A5 /* LaunchScreen.storyboard */ = {
			isa = PBXVariantGroup;
			children = (
				B22FDBBD245456EB00E407A5 /* Base */,
			);
			name = LaunchScreen.storyboard;
			sourceTree = "<group>";
		};
/* End PBXVariantGroup section */

/* Begin XCBuildConfiguration section */
		B22FDBD6245456EB00E407A5 /* Debug */ = {
			isa = XCBuildConfiguration;
			buildSettings = {
				ALWAYS_SEARCH_USER_PATHS = NO;
				CLANG_ANALYZER_NONNULL = YES;
				CLANG_ANALYZER_NUMBER_OBJECT_CONVERSION = YES_AGGRESSIVE;
				CLANG_CXX_LANGUAGE_STANDARD = "gnu++14";
				CLANG_CXX_LIBRARY = "libc++";
				CLANG_ENABLE_MODULES = YES;
				CLANG_ENABLE_OBJC_ARC = YES;
				CLANG_ENABLE_OBJC_WEAK = YES;
				CLANG_WARN_BLOCK_CAPTURE_AUTORELEASING = YES;
				CLANG_WARN_BOOL_CONVERSION = YES;
				CLANG_WARN_COMMA = YES;
				CLANG_WARN_CONSTANT_CONVERSION = YES;
				CLANG_WARN_DEPRECATED_OBJC_IMPLEMENTATIONS = YES;
				CLANG_WARN_DIRECT_OBJC_ISA_USAGE = YES_ERROR;
				CLANG_WARN_DOCUMENTATION_COMMENTS = YES;
				CLANG_WARN_EMPTY_BODY = YES;
				CLANG_WARN_ENUM_CONVERSION = YES;
				CLANG_WARN_INFINITE_RECURSION = YES;
				CLANG_WARN_INT_CONVERSION = YES;
				CLANG_WARN_NON_LITERAL_NULL_CONVERSION = YES;
				CLANG_WARN_OBJC_IMPLICIT_RETAIN_SELF = YES;
				CLANG_WARN_OBJC_LITERAL_CONVERSION = YES;
				CLANG_WARN_OBJC_ROOT_CLASS = YES_ERROR;
				CLANG_WARN_RANGE_LOOP_ANALYSIS = YES;
				CLANG_WARN_STRICT_PROTOTYPES = YES;
				CLANG_WARN_SUSPICIOUS_MOVE = YES;
				CLANG_WARN_UNGUARDED_AVAILABILITY = YES_AGGRESSIVE;
				CLANG_WARN_UNREACHABLE_CODE = YES;
				CLANG_WARN__DUPLICATE_METHOD_MATCH = YES;
				COPY_PHASE_STRIP = NO;
				DEBUG_INFORMATION_FORMAT = dwarf;
				ENABLE_STRICT_OBJC_MSGSEND = YES;
				ENABLE_TESTABILITY = YES;
				GCC_C_LANGUAGE_STANDARD = gnu11;
				GCC_DYNAMIC_NO_PIC = NO;
				GCC_NO_COMMON_BLOCKS = YES;
				GCC_OPTIMIZATION_LEVEL = 0;
				GCC_PREPROCESSOR_DEFINITIONS = (
					"DEBUG=1",
					"$(inherited)",
				);
				GCC_WARN_64_TO_32_BIT_CONVERSION = YES;
				GCC_WARN_ABOUT_RETURN_TYPE = YES_ERROR;
				GCC_WARN_UNDECLARED_SELECTOR = YES;
				GCC_WARN_UNINITIALIZED_AUTOS = YES_AGGRESSIVE;
				GCC_WARN_UNUSED_FUNCTION = YES;
				GCC_WARN_UNUSED_VARIABLE = YES;
				IPHONEOS_DEPLOYMENT_TARGET = 13.4;
				MTL_ENABLE_DEBUG_INFO = INCLUDE_SOURCE;
				MTL_FAST_MATH = YES;
				ONLY_ACTIVE_ARCH = YES;
				SDKROOT = iphoneos;
				SWIFT_ACTIVE_COMPILATION_CONDITIONS = DEBUG;
				SWIFT_OPTIMIZATION_LEVEL = "-Onone";
			};
			name = Debug;
		};
		B22FDBD7245456EB00E407A5 /* Release */ = {
			isa = XCBuildConfiguration;
			buildSettings = {
				ALWAYS_SEARCH_USER_PATHS = NO;
				CLANG_ANALYZER_NONNULL = YES;
				CLANG_ANALYZER_NUMBER_OBJECT_CONVERSION = YES_AGGRESSIVE;
				CLANG_CXX_LANGUAGE_STANDARD = "gnu++14";
				CLANG_CXX_LIBRARY = "libc++";
				CLANG_ENABLE_MODULES = YES;
				CLANG_ENABLE_OBJC_ARC = YES;
				CLANG_ENABLE_OBJC_WEAK = YES;
				CLANG_WARN_BLOCK_CAPTURE_AUTORELEASING = YES;
				CLANG_WARN_BOOL_CONVERSION = YES;
				CLANG_WARN_COMMA = YES;
				CLANG_WARN_CONSTANT_CONVERSION = YES;
				CLANG_WARN_DEPRECATED_OBJC_IMPLEMENTATIONS = YES;
				CLANG_WARN_DIRECT_OBJC_ISA_USAGE = YES_ERROR;
				CLANG_WARN_DOCUMENTATION_COMMENTS = YES;
				CLANG_WARN_EMPTY_BODY = YES;
				CLANG_WARN_ENUM_CONVERSION = YES;
				CLANG_WARN_INFINITE_RECURSION = YES;
				CLANG_WARN_INT_CONVERSION = YES;
				CLANG_WARN_NON_LITERAL_NULL_CONVERSION = YES;
				CLANG_WARN_OBJC_IMPLICIT_RETAIN_SELF = YES;
				CLANG_WARN_OBJC_LITERAL_CONVERSION = YES;
				CLANG_WARN_OBJC_ROOT_CLASS = YES_ERROR;
				CLANG_WARN_RANGE_LOOP_ANALYSIS = YES;
				CLANG_WARN_STRICT_PROTOTYPES = YES;
				CLANG_WARN_SUSPICIOUS_MOVE = YES;
				CLANG_WARN_UNGUARDED_AVAILABILITY = YES_AGGRESSIVE;
				CLANG_WARN_UNREACHABLE_CODE = YES;
				CLANG_WARN__DUPLICATE_METHOD_MATCH = YES;
				COPY_PHASE_STRIP = NO;
				DEBUG_INFORMATION_FORMAT = "dwarf-with-dsym";
				ENABLE_NS_ASSERTIONS = NO;
				ENABLE_STRICT_OBJC_MSGSEND = YES;
				GCC_C_LANGUAGE_STANDARD = gnu11;
				GCC_NO_COMMON_BLOCKS = YES;
				GCC_WARN_64_TO_32_BIT_CONVERSION = YES;
				GCC_WARN_ABOUT_RETURN_TYPE = YES_ERROR;
				GCC_WARN_UNDECLARED_SELECTOR = YES;
				GCC_WARN_UNINITIALIZED_AUTOS = YES_AGGRESSIVE;
				GCC_WARN_UNUSED_FUNCTION = YES;
				GCC_WARN_UNUSED_VARIABLE = YES;
				IPHONEOS_DEPLOYMENT_TARGET = 13.4;
				MTL_ENABLE_DEBUG_INFO = NO;
				MTL_FAST_MATH = YES;
				SDKROOT = iphoneos;
				SWIFT_COMPILATION_MODE = wholemodule;
				SWIFT_OPTIMIZATION_LEVEL = "-O";
				VALIDATE_PRODUCT = YES;
			};
			name = Release;
		};
		B22FDBD9245456EB00E407A5 /* Debug */ = {
			isa = XCBuildConfiguration;
			buildSettings = {
				ASSETCATALOG_COMPILER_APPICON_NAME = AppIcon;
				CODE_SIGN_STYLE = Automatic;
				DEVELOPMENT_ASSET_PATHS = "\"SocialNetworkApp/Preview Content\"";
				DEVELOPMENT_TEAM = XJ6N6JRED2;
				ENABLE_PREVIEWS = YES;
				INFOPLIST_FILE = SocialNetworkApp/Info.plist;
				LD_RUNPATH_SEARCH_PATHS = (
					"$(inherited)",
					"@executable_path/Frameworks",
				);
				PRODUCT_BUNDLE_IDENTIFIER = com.shapiraomri.SocialNetworkApp;
				PRODUCT_NAME = "$(TARGET_NAME)";
				SWIFT_VERSION = 5.0;
				TARGETED_DEVICE_FAMILY = "1,2";
			};
			name = Debug;
		};
		B22FDBDA245456EB00E407A5 /* Release */ = {
			isa = XCBuildConfiguration;
			buildSettings = {
				ASSETCATALOG_COMPILER_APPICON_NAME = AppIcon;
				CODE_SIGN_STYLE = Automatic;
				DEVELOPMENT_ASSET_PATHS = "\"SocialNetworkApp/Preview Content\"";
				DEVELOPMENT_TEAM = XJ6N6JRED2;
				ENABLE_PREVIEWS = YES;
				INFOPLIST_FILE = SocialNetworkApp/Info.plist;
				LD_RUNPATH_SEARCH_PATHS = (
					"$(inherited)",
					"@executable_path/Frameworks",
				);
				PRODUCT_BUNDLE_IDENTIFIER = com.shapiraomri.SocialNetworkApp;
				PRODUCT_NAME = "$(TARGET_NAME)";
				SWIFT_VERSION = 5.0;
				TARGETED_DEVICE_FAMILY = "1,2";
			};
			name = Release;
		};
		B22FDBDC245456EB00E407A5 /* Debug */ = {
			isa = XCBuildConfiguration;
			buildSettings = {
				ALWAYS_EMBED_SWIFT_STANDARD_LIBRARIES = YES;
				BUNDLE_LOADER = "$(TEST_HOST)";
				CODE_SIGN_STYLE = Automatic;
				DEVELOPMENT_TEAM = XJ6N6JRED2;
				INFOPLIST_FILE = SocialNetworkAppTests/Info.plist;
				IPHONEOS_DEPLOYMENT_TARGET = 13.4;
				LD_RUNPATH_SEARCH_PATHS = (
					"$(inherited)",
					"@executable_path/Frameworks",
					"@loader_path/Frameworks",
				);
				PRODUCT_BUNDLE_IDENTIFIER = com.shapiraomri.SocialNetworkAppTests;
				PRODUCT_NAME = "$(TARGET_NAME)";
				SWIFT_VERSION = 5.0;
				TARGETED_DEVICE_FAMILY = "1,2";
				TEST_HOST = "$(BUILT_PRODUCTS_DIR)/SocialNetworkApp.app/SocialNetworkApp";
			};
			name = Debug;
		};
		B22FDBDD245456EB00E407A5 /* Release */ = {
			isa = XCBuildConfiguration;
			buildSettings = {
				ALWAYS_EMBED_SWIFT_STANDARD_LIBRARIES = YES;
				BUNDLE_LOADER = "$(TEST_HOST)";
				CODE_SIGN_STYLE = Automatic;
				DEVELOPMENT_TEAM = XJ6N6JRED2;
				INFOPLIST_FILE = SocialNetworkAppTests/Info.plist;
				IPHONEOS_DEPLOYMENT_TARGET = 13.4;
				LD_RUNPATH_SEARCH_PATHS = (
					"$(inherited)",
					"@executable_path/Frameworks",
					"@loader_path/Frameworks",
				);
				PRODUCT_BUNDLE_IDENTIFIER = com.shapiraomri.SocialNetworkAppTests;
				PRODUCT_NAME = "$(TARGET_NAME)";
				SWIFT_VERSION = 5.0;
				TARGETED_DEVICE_FAMILY = "1,2";
				TEST_HOST = "$(BUILT_PRODUCTS_DIR)/SocialNetworkApp.app/SocialNetworkApp";
			};
			name = Release;
		};
		B22FDBDF245456EB00E407A5 /* Debug */ = {
			isa = XCBuildConfiguration;
			buildSettings = {
				ALWAYS_EMBED_SWIFT_STANDARD_LIBRARIES = YES;
				CODE_SIGN_STYLE = Automatic;
				DEVELOPMENT_TEAM = XJ6N6JRED2;
				INFOPLIST_FILE = SocialNetworkAppUITests/Info.plist;
				LD_RUNPATH_SEARCH_PATHS = (
					"$(inherited)",
					"@executable_path/Frameworks",
					"@loader_path/Frameworks",
				);
				PRODUCT_BUNDLE_IDENTIFIER = com.shapiraomri.SocialNetworkAppUITests;
				PRODUCT_NAME = "$(TARGET_NAME)";
				SWIFT_VERSION = 5.0;
				TARGETED_DEVICE_FAMILY = "1,2";
				TEST_TARGET_NAME = SocialNetworkApp;
			};
			name = Debug;
		};
		B22FDBE0245456EB00E407A5 /* Release */ = {
			isa = XCBuildConfiguration;
			buildSettings = {
				ALWAYS_EMBED_SWIFT_STANDARD_LIBRARIES = YES;
				CODE_SIGN_STYLE = Automatic;
				DEVELOPMENT_TEAM = XJ6N6JRED2;
				INFOPLIST_FILE = SocialNetworkAppUITests/Info.plist;
				LD_RUNPATH_SEARCH_PATHS = (
					"$(inherited)",
					"@executable_path/Frameworks",
					"@loader_path/Frameworks",
				);
				PRODUCT_BUNDLE_IDENTIFIER = com.shapiraomri.SocialNetworkAppUITests;
				PRODUCT_NAME = "$(TARGET_NAME)";
				SWIFT_VERSION = 5.0;
				TARGETED_DEVICE_FAMILY = "1,2";
				TEST_TARGET_NAME = SocialNetworkApp;
			};
			name = Release;
		};
/* End XCBuildConfiguration section */

/* Begin XCConfigurationList section */
		B22FDBA9245456E900E407A5 /* Build configuration list for PBXProject "SocialNetworkApp" */ = {
			isa = XCConfigurationList;
			buildConfigurations = (
				B22FDBD6245456EB00E407A5 /* Debug */,
				B22FDBD7245456EB00E407A5 /* Release */,
			);
			defaultConfigurationIsVisible = 0;
			defaultConfigurationName = Release;
		};
		B22FDBD8245456EB00E407A5 /* Build configuration list for PBXNativeTarget "SocialNetworkApp" */ = {
			isa = XCConfigurationList;
			buildConfigurations = (
				B22FDBD9245456EB00E407A5 /* Debug */,
				B22FDBDA245456EB00E407A5 /* Release */,
			);
			defaultConfigurationIsVisible = 0;
			defaultConfigurationName = Release;
		};
		B22FDBDB245456EB00E407A5 /* Build configuration list for PBXNativeTarget "SocialNetworkAppTests" */ = {
			isa = XCConfigurationList;
			buildConfigurations = (
				B22FDBDC245456EB00E407A5 /* Debug */,
				B22FDBDD245456EB00E407A5 /* Release */,
			);
			defaultConfigurationIsVisible = 0;
			defaultConfigurationName = Release;
		};
		B22FDBDE245456EB00E407A5 /* Build configuration list for PBXNativeTarget "SocialNetworkAppUITests" */ = {
			isa = XCConfigurationList;
			buildConfigurations = (
				B22FDBDF245456EB00E407A5 /* Debug */,
				B22FDBE0245456EB00E407A5 /* Release */,
			);
			defaultConfigurationIsVisible = 0;
			defaultConfigurationName = Release;
		};
/* End XCConfigurationList section */
	};
	rootObject = B22FDBA6245456E900E407A5 /* Project object */;
}
